{
  "name": "@angular-magic/ngx-gp-autocomplete",
  "version": "1.0.4",
  "lockfileVersion": 1,
  "requires": true,
  "dependencies": {
    "@types/google.maps": {
      "version": "3.52.0",
      "resolved": "https://registry.npmjs.org/@types/google.maps/-/google.maps-3.52.0.tgz",
      "integrity": "sha512-cIwkgSBUOCerEwEpAahg1SxUqqGV+D786TkVWrcZZyPvuCozmXFtzQcpOzvUXBtTUqDzEbCDGlAXDfDSYFXFIw==",
      "dev": true
    },
    "tslib": {
      "version": "2.5.0",
      "resolved": "https://registry.npmjs.org/tslib/-/tslib-2.5.0.tgz",
      "integrity": "sha512-336iVw3rtn2BUK7ORdIAHTyxHGRIHVReokCR3XjbckJMK7ms8FysBfhLR8IXnAgy7T0PTPNBWKiH514FOW/WSg=="
    }
  }
}
